
Microsoft Visual Studio Solution File, Format Version 12.00
# Visual Studio Version 16
VisualStudioVersion = 16.0.31727.386
MinimumVisualStudioVersion = 10.0.40219.1
Project("{8BC9CEB8-8B4A-11D0-8D11-00A0C91BC942}") = "P1", "P1\P1.vcxproj", "{542109B2-2CD5-4B8C-849B-1A867D2A0743}"
EndProject
Global
	GlobalSection(SolutionConfigurationPlatforms) = preSolution
		Debug|x64 = Debug|x64
		Debug|x86 = Debug|x86
		Release|x64 = Release|x64
		Release|x86 = Release|x86
	EndGlobalSection
	GlobalSection(ProjectConfigurationPlatforms) = postSolution
		{542109B2-2CD5-4B8C-849B-1A867D2A0743}.Debug|x64.ActiveCfg = Debug|x64
		{542109B2-2CD5-4B8C-849B-1A867D2A0743}.Debug|x64.Build.0 = Debug|x64
		{542109B2-2CD5-4B8C-849B-1A867D2A0743}.Debug|x86.ActiveCfg = Debug|Win32
		{542109B2-2CD5-4B8C-849B-1A867D2A0743}.Debug|x86.Build.0 = Debug|Win32
		{542109B2-2CD5-4B8C-849B-1A867D2A0743}.Release|x64.ActiveCfg = Release|x64
		{542109B2-2CD5-4B8C-849B-1A867D2A0743}.Release|x64.Build.0 = Release|x64
		{542109B2-2CD5-4B8C-849B-1A867D2A0743}.Release|x86.ActiveCfg = Release|Win32
		{542109B2-2CD5-4B8C-849B-1A867D2A0743}.Release|x86.Build.0 = Release|Win32
	EndGlobalSection
	GlobalSection(SolutionProperties) = preSolution
		HideSolutionNode = FALSE
	EndGlobalSection
	GlobalSection(ExtensibilityGlobals) = postSolution
		SolutionGuid = {803CFA13-A18E-4B3F-B0C6-AB021E0147BC}
	EndGlobalSection
EndGlobal
